Microsoft Visual Studio Solution File, Format Version 12.00
# Visual Studio Version 17
VisualStudioVersion = 17.5.2.0
MinimumVisualStudioVersion = 10.0.40219.1
Project("{FAE04EC0-301F-11D3-BF4B-00C04F79EFBC}") = "MutationTestingExample.Tests", "MutationTestingExample.Tests\MutationTestingExample.Tests.csproj", "{07F79F74-6192-ABA8-979E-8B9F156239ED}"
EndProject
Project("{FAE04EC0-301F-11D3-BF4B-00C04F79EFBC}") = "MutationTestingExample", "MutationTestingExample\MutationTestingExample.csproj", "{EAE80C80-6E05-A053-1A2F-D10A8CB483C4}"
EndProject
Global
	GlobalSection(SolutionConfigurationPlatforms) = preSolution
		Debug|Any CPU = Debug|Any CPU
		Release|Any CPU = Release|Any CPU
	EndGlobalSection
	GlobalSection(ProjectConfigurationPlatforms) = postSolution
		{07F79F74-6192-ABA8-979E-8B9F156239ED}.Debug|Any CPU.ActiveCfg = Debug|Any CPU
		{07F79F74-6192-ABA8-979E-8B9F156239ED}.Debug|Any CPU.Build.0 = Debug|Any CPU
		{07F79F74-6192-ABA8-979E-8B9F156239ED}.Release|Any CPU.ActiveCfg = Release|Any CPU
		{07F79F74-6192-ABA8-979E-8B9F156239ED}.Release|Any CPU.Build.0 = Release|Any CPU
		{EAE80C80-6E05-A053-1A2F-D10A8CB483C4}.Debug|Any CPU.ActiveCfg = Debug|Any CPU
		{EAE80C80-6E05-A053-1A2F-D10A8CB483C4}.Debug|Any CPU.Build.0 = Debug|Any CPU
		{EAE80C80-6E05-A053-1A2F-D10A8CB483C4}.Release|Any CPU.ActiveCfg = Release|Any CPU
		{EAE80C80-6E05-A053-1A2F-D10A8CB483C4}.Release|Any CPU.Build.0 = Release|Any CPU
	EndGlobalSection
	GlobalSection(SolutionProperties) = preSolution
		HideSolutionNode = FALSE
	EndGlobalSection
	GlobalSection(ExtensibilityGlobals) = postSolution
		SolutionGuid = {F9A954BF-6C3A-4ACF-81AC-C674F4863719}
	EndGlobalSection
EndGlobal
